// !$*UTF8*$!
{
	archiveVersion = 1;
	classes = {
	};
	objectVersion = 56;
	objects = {

/* Begin PBXBuildFile section */
		79318CA12D4C0C4700667196 /* CoreDataContainer.xcdatamodeld in Sources */ = {isa = PBXBuildFile; fileRef = 79318C9F2D4C0C4700667196 /* CoreDataContainer.xcdatamodeld */; };
		79318CA32D4C0E6E00667196 /* PressaoViewModel.swift in Sources */ = {isa = PBXBuildFile; fileRef = 79318CA22D4C0E6E00667196 /* PressaoViewModel.swift */; };
		79318CAB2D4C1E5600667196 /* GraficoPressaoComponent.swift in Sources */ = {isa = PBXBuildFile; fileRef = 79318CAA2D4C1E5600667196 /* GraficoPressaoComponent.swift */; };
		79C451A62D4A9D070025CA15 /* Challenge4App.swift in Sources */ = {isa = PBXBuildFile; fileRef = 79C451A52D4A9D070025CA15 /* Challenge4App.swift */; };
		79C451A82D4A9D070025CA15 /* PressaoView.swift in Sources */ = {isa = PBXBuildFile; fileRef = 79C451A72D4A9D070025CA15 /* PressaoView.swift */; };
		79C451AA2D4A9D080025CA15 /* Assets.xcassets in Resources */ = {isa = PBXBuildFile; fileRef = 79C451A92D4A9D080025CA15 /* Assets.xcassets */; };
		79C451AE2D4A9D080025CA15 /* Preview Assets.xcassets in Resources */ = {isa = PBXBuildFile; fileRef = 79C451AD2D4A9D080025CA15 /* Preview Assets.xcassets */; };
		7BE0CA122D4C0760007865A4 /* RemedioViewModel.swift in Sources */ = {isa = PBXBuildFile; fileRef = 7BE0CA112D4C0760007865A4 /* RemedioViewModel.swift */; };
		7BE0CA1A2D4C0AC1007865A4 /* RemediosListView.swift in Sources */ = {isa = PBXBuildFile; fileRef = 7BE0CA192D4C0AC1007865A4 /* RemediosListView.swift */; };
		7BE0CA202D4C15FB007865A4 /* AdicionarRemedio.swift in Sources */ = {isa = PBXBuildFile; fileRef = 7BE0CA1F2D4C15FB007865A4 /* AdicionarRemedio.swift */; };
		D402FDA02D4D3EB600A1D88C /* Persistence.swift in Sources */ = {isa = PBXBuildFile; fileRef = D402FD9F2D4D3EB600A1D88C /* Persistence.swift */; };
		D4BBEA8A2D4BFDB70087C1E4 /* SaveM.swift in Sources */ = {isa = PBXBuildFile; fileRef = D4BBEA892D4BFDB70087C1E4 /* SaveM.swift */; };
		D4CC80682D4C0E4D001862F8 /* TabBarComponent.swift in Sources */ = {isa = PBXBuildFile; fileRef = D4CC80672D4C0E4D001862F8 /* TabBarComponent.swift */; };
		D4CC806A2D4C1024001862F8 /* SobreView.swift in Sources */ = {isa = PBXBuildFile; fileRef = D4CC80692D4C1024001862F8 /* SobreView.swift */; };
/* End PBXBuildFile section */

/* Begin PBXFileReference section */
		79318CA02D4C0C4700667196 /* CoreDataContainer.xcdatamodel */ = {isa = PBXFileReference; lastKnownFileType = wrapper.xcdatamodel; path = CoreDataContainer.xcdatamodel; sourceTree = "<group>"; };
		79318CA22D4C0E6E00667196 /* PressaoViewModel.swift */ = {isa = PBXFileReference; lastKnownFileType = sourcecode.swift; path = PressaoViewModel.swift; sourceTree = "<group>"; };
		79318CAA2D4C1E5600667196 /* GraficoPressaoComponent.swift */ = {isa = PBXFileReference; lastKnownFileType = sourcecode.swift; path = GraficoPressaoComponent.swift; sourceTree = "<group>"; };
		79C451A22D4A9D070025CA15 /* Challenge4.app */ = {isa = PBXFileReference; explicitFileType = wrapper.application; includeInIndex = 0; path = Challenge4.app; sourceTree = BUILT_PRODUCTS_DIR; };
		79C451A52D4A9D070025CA15 /* Challenge4App.swift */ = {isa = PBXFileReference; lastKnownFileType = sourcecode.swift; path = Challenge4App.swift; sourceTree = "<group>"; };
		79C451A72D4A9D070025CA15 /* PressaoView.swift */ = {isa = PBXFileReference; lastKnownFileType = sourcecode.swift; path = PressaoView.swift; sourceTree = "<group>"; };
		79C451A92D4A9D080025CA15 /* Assets.xcassets */ = {isa = PBXFileReference; lastKnownFileType = folder.assetcatalog; path = Assets.xcassets; sourceTree = "<group>"; };
		79C451AB2D4A9D080025CA15 /* Challenge4.entitlements */ = {isa = PBXFileReference; lastKnownFileType = text.plist.entitlements; path = Challenge4.entitlements; sourceTree = "<group>"; };
		79C451AD2D4A9D080025CA15 /* Preview Assets.xcassets */ = {isa = PBXFileReference; lastKnownFileType = folder.assetcatalog; path = "Preview Assets.xcassets"; sourceTree = "<group>"; };
		7BE0CA112D4C0760007865A4 /* RemedioViewModel.swift */ = {isa = PBXFileReference; lastKnownFileType = sourcecode.swift; path = RemedioViewModel.swift; sourceTree = "<group>"; };
		7BE0CA192D4C0AC1007865A4 /* RemediosListView.swift */ = {isa = PBXFileReference; lastKnownFileType = sourcecode.swift; path = RemediosListView.swift; sourceTree = "<group>"; };
		7BE0CA1F2D4C15FB007865A4 /* AdicionarRemedio.swift */ = {isa = PBXFileReference; lastKnownFileType = sourcecode.swift; path = AdicionarRemedio.swift; sourceTree = "<group>"; };
		D402FD9F2D4D3EB600A1D88C /* Persistence.swift */ = {isa = PBXFileReference; lastKnownFileType = sourcecode.swift; path = Persistence.swift; sourceTree = "<group>"; };
		D4BBEA892D4BFDB70087C1E4 /* SaveM.swift */ = {isa = PBXFileReference; lastKnownFileType = sourcecode.swift; path = SaveM.swift; sourceTree = "<group>"; };
		D4CC80672D4C0E4D001862F8 /* TabBarComponent.swift */ = {isa = PBXFileReference; lastKnownFileType = sourcecode.swift; path = TabBarComponent.swift; sourceTree = "<group>"; };
		D4CC80692D4C1024001862F8 /* SobreView.swift */ = {isa = PBXFileReference; lastKnownFileType = sourcecode.swift; path = SobreView.swift; sourceTree = "<group>"; };
/* End PBXFileReference section */

/* Begin PBXFrameworksBuildPhase section */
		79C4519F2D4A9D070025CA15 /* Frameworks */ = {
			isa = PBXFrameworksBuildPhase;
			buildActionMask = 2147483647;
			files = (
			);
			runOnlyForDeploymentPostprocessing = 0;
		};
/* End PBXFrameworksBuildPhase section */

/* Begin PBXGroup section */
		79C451992D4A9D070025CA15 = {
			isa = PBXGroup;
			children = (
				79C451A42D4A9D070025CA15 /* Challenge4 */,
				79C451A32D4A9D070025CA15 /* Products */,
				7BE0CA1E2D4C14F3007865A4 /* Recovered References */,
			);
			sourceTree = "<group>";
		};
		79C451A32D4A9D070025CA15 /* Products */ = {
			isa = PBXGroup;
			children = (
				79C451A22D4A9D070025CA15 /* Challenge4.app */,
			);
			name = Products;
			sourceTree = "<group>";
		};
		79C451A42D4A9D070025CA15 /* Challenge4 */ = {
			isa = PBXGroup;
			children = (
				D4BBEA842D4BFD620087C1E4 /* Models */,
				D4BBEA852D4BFD6B0087C1E4 /* ViewModels */,
				D4BBEA862D4BFD720087C1E4 /* Views */,
				79C451A52D4A9D070025CA15 /* Challenge4App.swift */,
				D402FD9F2D4D3EB600A1D88C /* Persistence.swift */,
				79C451A92D4A9D080025CA15 /* Assets.xcassets */,
				79C451AB2D4A9D080025CA15 /* Challenge4.entitlements */,
				79C451AC2D4A9D080025CA15 /* Preview Content */,
			);
			path = Challenge4;
			sourceTree = "<group>";
		};
		79C451AC2D4A9D080025CA15 /* Preview Content */ = {
			isa = PBXGroup;
			children = (
				79C451AD2D4A9D080025CA15 /* Preview Assets.xcassets */,
			);
			path = "Preview Content";
			sourceTree = "<group>";
		};
		7BE0CA1E2D4C14F3007865A4 /* Recovered References */ = {
			isa = PBXGroup;
			children = (
			);
			name = "Recovered References";
			sourceTree = "<group>";
		};
		D4BBEA842D4BFD620087C1E4 /* Models */ = {
			isa = PBXGroup;
			children = (
				D4BBEA892D4BFDB70087C1E4 /* SaveM.swift */,
				79318C9F2D4C0C4700667196 /* CoreDataContainer.xcdatamodeld */,
			);
			path = Models;
			sourceTree = "<group>";
		};
		D4BBEA852D4BFD6B0087C1E4 /* ViewModels */ = {
			isa = PBXGroup;
			children = (
				7BE0CA112D4C0760007865A4 /* RemedioViewModel.swift */,
				79318CA22D4C0E6E00667196 /* PressaoViewModel.swift */,
			);
			path = ViewModels;
			sourceTree = "<group>";
		};
		D4BBEA862D4BFD720087C1E4 /* Views */ = {
			isa = PBXGroup;
			children = (
				D4CC80662D4C0E32001862F8 /* Components */,
				79C451A72D4A9D070025CA15 /* PressaoView.swift */,
				7BE0CA192D4C0AC1007865A4 /* RemediosListView.swift */,
				7BE0CA1F2D4C15FB007865A4 /* AdicionarRemedio.swift */,
				D4CC80692D4C1024001862F8 /* SobreView.swift */,
			);
			path = Views;
			sourceTree = "<group>";
		};
		D4CC80662D4C0E32001862F8 /* Components */ = {
			isa = PBXGroup;
			children = (
				D4CC80672D4C0E4D001862F8 /* TabBarComponent.swift */,
				79318CAA2D4C1E5600667196 /* GraficoPressaoComponent.swift */,
			);
			path = Components;
			sourceTree = "<group>";
		};
/* End PBXGroup section */

/* Begin PBXNativeTarget section */
		79C451A12D4A9D070025CA15 /* Challenge4 */ = {
			isa = PBXNativeTarget;
			buildConfigurationList = 79C451B12D4A9D080025CA15 /* Build configuration list for PBXNativeTarget "Challenge4" */;
			buildPhases = (
				79C4519E2D4A9D070025CA15 /* Sources */,
				79C4519F2D4A9D070025CA15 /* Frameworks */,
				79C451A02D4A9D070025CA15 /* Resources */,
			);
			buildRules = (
			);
			dependencies = (
			);
			name = Challenge4;
			productName = Challenge4;
			productReference = 79C451A22D4A9D070025CA15 /* Challenge4.app */;
			productType = "com.apple.product-type.application";
		};
/* End PBXNativeTarget section */

/* Begin PBXProject section */
		79C4519A2D4A9D070025CA15 /* Project object */ = {
			isa = PBXProject;
			attributes = {
				BuildIndependentTargetsInParallel = 1;
				LastSwiftUpdateCheck = 1520;
				LastUpgradeCheck = 1520;
				TargetAttributes = {
					79C451A12D4A9D070025CA15 = {
						CreatedOnToolsVersion = 15.2;
					};
				};
			};
			buildConfigurationList = 79C4519D2D4A9D070025CA15 /* Build configuration list for PBXProject "Challenge4" */;
			compatibilityVersion = "Xcode 14.0";
			developmentRegion = en;
			hasScannedForEncodings = 0;
			knownRegions = (
				en,
				Base,
			);
			mainGroup = 79C451992D4A9D070025CA15;
			productRefGroup = 79C451A32D4A9D070025CA15 /* Products */;
			projectDirPath = "";
			projectRoot = "";
			targets = (
				79C451A12D4A9D070025CA15 /* Challenge4 */,
			);
		};
/* End PBXProject section */

/* Begin PBXResourcesBuildPhase section */
		79C451A02D4A9D070025CA15 /* Resources */ = {
			isa = PBXResourcesBuildPhase;
			buildActionMask = 2147483647;
			files = (
				79C451AE2D4A9D080025CA15 /* Preview Assets.xcassets in Resources */,
				79C451AA2D4A9D080025CA15 /* Assets.xcassets in Resources */,
			);
			runOnlyForDeploymentPostprocessing = 0;
		};
/* End PBXResourcesBuildPhase section */

/* Begin PBXSourcesBuildPhase section */
		79C4519E2D4A9D070025CA15 /* Sources */ = {
			isa = PBXSourcesBuildPhase;
			buildActionMask = 2147483647;
			files = (
				7BE0CA122D4C0760007865A4 /* RemedioViewModel.swift in Sources */,
				7BE0CA202D4C15FB007865A4 /* AdicionarRemedio.swift in Sources */,
				7BE0CA1A2D4C0AC1007865A4 /* RemediosListView.swift in Sources */,
				D402FDA02D4D3EB600A1D88C /* Persistence.swift in Sources */,
				D4CC806A2D4C1024001862F8 /* SobreView.swift in Sources */,
				79C451A82D4A9D070025CA15 /* PressaoView.swift in Sources */,
				79C451A62D4A9D070025CA15 /* Challenge4App.swift in Sources */,
				D4BBEA8A2D4BFDB70087C1E4 /* SaveM.swift in Sources */,
				79318CA32D4C0E6E00667196 /* PressaoViewModel.swift in Sources */,
				79318CA12D4C0C4700667196 /* CoreDataContainer.xcdatamodeld in Sources */,
				D4CC80682D4C0E4D001862F8 /* TabBarComponent.swift in Sources */,
				79318CAB2D4C1E5600667196 /* GraficoPressaoComponent.swift in Sources */,
			);
			runOnlyForDeploymentPostprocessing = 0;
		};
/* End PBXSourcesBuildPhase section */

/* Begin XCBuildConfiguration section */
		79C451AF2D4A9D080025CA15 /* Debug */ = {
			isa = XCBuildConfiguration;
			buildSettings = {
				ALWAYS_SEARCH_USER_PATHS = NO;
				ASSETCATALOG_COMPILER_GENERATE_SWIFT_ASSET_SYMBOL_EXTENSIONS = YES;
				CLANG_ANALYZER_NONNULL = YES;
				CLANG_ANALYZER_NUMBER_OBJECT_CONVERSION = YES_AGGRESSIVE;
				CLANG_CXX_LANGUAGE_STANDARD = "gnu++20";
				CLANG_ENABLE_MODULES = YES;
				CLANG_ENABLE_OBJC_ARC = YES;
				CLANG_ENABLE_OBJC_WEAK = YES;
				CLANG_WARN_BLOCK_CAPTURE_AUTORELEASING = YES;
				CLANG_WARN_BOOL_CONVERSION = YES;
				CLANG_WARN_COMMA = YES;
				CLANG_WARN_CONSTANT_CONVERSION = YES;
				CLANG_WARN_DEPRECATED_OBJC_IMPLEMENTATIONS = YES;
				CLANG_WARN_DIRECT_OBJC_ISA_USAGE = YES_ERROR;
				CLANG_WARN_DOCUMENTATION_COMMENTS = YES;
				CLANG_WARN_EMPTY_BODY = YES;
				CLANG_WARN_ENUM_CONVERSION = YES;
				CLANG_WARN_INFINITE_RECURSION = YES;
				CLANG_WARN_INT_CONVERSION = YES;
				CLANG_WARN_NON_LITERAL_NULL_CONVERSION = YES;
				CLANG_WARN_OBJC_IMPLICIT_RETAIN_SELF = YES;
				CLANG_WARN_OBJC_LITERAL_CONVERSION = YES;
				CLANG_WARN_OBJC_ROOT_CLASS = YES_ERROR;
				CLANG_WARN_QUOTED_INCLUDE_IN_FRAMEWORK_HEADER = YES;
				CLANG_WARN_RANGE_LOOP_ANALYSIS = YES;
				CLANG_WARN_STRICT_PROTOTYPES = YES;
				CLANG_WARN_SUSPICIOUS_MOVE = YES;
				CLANG_WARN_UNGUARDED_AVAILABILITY = YES_AGGRESSIVE;
				CLANG_WARN_UNREACHABLE_CODE = YES;
				CLANG_WARN__DUPLICATE_METHOD_MATCH = YES;
				COPY_PHASE_STRIP = NO;
				DEBUG_INFORMATION_FORMAT = dwarf;
				ENABLE_STRICT_OBJC_MSGSEND = YES;
				ENABLE_TESTABILITY = YES;
				ENABLE_USER_SCRIPT_SANDBOXING = YES;
				GCC_C_LANGUAGE_STANDARD = gnu17;
				GCC_DYNAMIC_NO_PIC = NO;
				GCC_NO_COMMON_BLOCKS = YES;
				GCC_OPTIMIZATION_LEVEL = 0;
				GCC_PREPROCESSOR_DEFINITIONS = (
					"DEBUG=1",
					"$(inherited)",
				);
				GCC_WARN_64_TO_32_BIT_CONVERSION = YES;
				GCC_WARN_ABOUT_RETURN_TYPE = YES_ERROR;
				GCC_WARN_UNDECLARED_SELECTOR = YES;
				GCC_WARN_UNINITIALIZED_AUTOS = YES_AGGRESSIVE;
				GCC_WARN_UNUSED_FUNCTION = YES;
				GCC_WARN_UNUSED_VARIABLE = YES;
				LOCALIZATION_PREFERS_STRING_CATALOGS = YES;
				MTL_ENABLE_DEBUG_INFO = INCLUDE_SOURCE;
				MTL_FAST_MATH = YES;
				ONLY_ACTIVE_ARCH = YES;
				SWIFT_ACTIVE_COMPILATION_CONDITIONS = "DEBUG $(inherited)";
				SWIFT_OPTIMIZATION_LEVEL = "-Onone";
			};
			name = Debug;
		};
		79C451B02D4A9D080025CA15 /* Release */ = {
			isa = XCBuildConfiguration;
			buildSettings = {
				ALWAYS_SEARCH_USER_PATHS = NO;
				ASSETCATALOG_COMPILER_GENERATE_SWIFT_ASSET_SYMBOL_EXTENSIONS = YES;
				CLANG_ANALYZER_NONNULL = YES;
				CLANG_ANALYZER_NUMBER_OBJECT_CONVERSION = YES_AGGRESSIVE;
				CLANG_CXX_LANGUAGE_STANDARD = "gnu++20";
				CLANG_ENABLE_MODULES = YES;
				CLANG_ENABLE_OBJC_ARC = YES;
				CLANG_ENABLE_OBJC_WEAK = YES;
				CLANG_WARN_BLOCK_CAPTURE_AUTORELEASING = YES;
				CLANG_WARN_BOOL_CONVERSION = YES;
				CLANG_WARN_COMMA = YES;
				CLANG_WARN_CONSTANT_CONVERSION = YES;
				CLANG_WARN_DEPRECATED_OBJC_IMPLEMENTATIONS = YES;
				CLANG_WARN_DIRECT_OBJC_ISA_USAGE = YES_ERROR;
				CLANG_WARN_DOCUMENTATION_COMMENTS = YES;
				CLANG_WARN_EMPTY_BODY = YES;
				CLANG_WARN_ENUM_CONVERSION = YES;
				CLANG_WARN_INFINITE_RECURSION = YES;
				CLANG_WARN_INT_CONVERSION = YES;
				CLANG_WARN_NON_LITERAL_NULL_CONVERSION = YES;
				CLANG_WARN_OBJC_IMPLICIT_RETAIN_SELF = YES;
				CLANG_WARN_OBJC_LITERAL_CONVERSION = YES;
				CLANG_WARN_OBJC_ROOT_CLASS = YES_ERROR;
				CLANG_WARN_QUOTED_INCLUDE_IN_FRAMEWORK_HEADER = YES;
				CLANG_WARN_RANGE_LOOP_ANALYSIS = YES;
				CLANG_WARN_STRICT_PROTOTYPES = YES;
				CLANG_WARN_SUSPICIOUS_MOVE = YES;
				CLANG_WARN_UNGUARDED_AVAILABILITY = YES_AGGRESSIVE;
				CLANG_WARN_UNREACHABLE_CODE = YES;
				CLANG_WARN__DUPLICATE_METHOD_MATCH = YES;
				COPY_PHASE_STRIP = NO;
				DEBUG_INFORMATION_FORMAT = "dwarf-with-dsym";
				ENABLE_NS_ASSERTIONS = NO;
				ENABLE_STRICT_OBJC_MSGSEND = YES;
				ENABLE_USER_SCRIPT_SANDBOXING = YES;
				GCC_C_LANGUAGE_STANDARD = gnu17;
				GCC_NO_COMMON_BLOCKS = YES;
				GCC_WARN_64_TO_32_BIT_CONVERSION = YES;
				GCC_WARN_ABOUT_RETURN_TYPE = YES_ERROR;
				GCC_WARN_UNDECLARED_SELECTOR = YES;
				GCC_WARN_UNINITIALIZED_AUTOS = YES_AGGRESSIVE;
				GCC_WARN_UNUSED_FUNCTION = YES;
				GCC_WARN_UNUSED_VARIABLE = YES;
				LOCALIZATION_PREFERS_STRING_CATALOGS = YES;
				MTL_ENABLE_DEBUG_INFO = NO;
				MTL_FAST_MATH = YES;
				SWIFT_COMPILATION_MODE = wholemodule;
			};
			name = Release;
		};
		79C451B22D4A9D080025CA15 /* Debug */ = {
			isa = XCBuildConfiguration;
			buildSettings = {
				ASSETCATALOG_COMPILER_APPICON_NAME = AppIcon;
				ASSETCATALOG_COMPILER_GLOBAL_ACCENT_COLOR_NAME = AccentColor;
				CODE_SIGN_ENTITLEMENTS = Challenge4/Challenge4.entitlements;
				CODE_SIGN_STYLE = Automatic;
				CURRENT_PROJECT_VERSION = 1;
				DEVELOPMENT_ASSET_PATHS = "\"Challenge4/Preview Content\"";
				ENABLE_PREVIEWS = YES;
				GENERATE_INFOPLIST_FILE = YES;
				INFOPLIST_KEY_NSPhotoLibraryAddUsageDescription = "";
				INFOPLIST_KEY_NSPhotoLibraryUsageDescription = "";
				"INFOPLIST_KEY_UIApplicationSceneManifest_Generation[sdk=iphoneos*]" = YES;
				"INFOPLIST_KEY_UIApplicationSceneManifest_Generation[sdk=iphonesimulator*]" = YES;
				"INFOPLIST_KEY_UIApplicationSupportsIndirectInputEvents[sdk=iphoneos*]" = YES;
				"INFOPLIST_KEY_UIApplicationSupportsIndirectInputEvents[sdk=iphonesimulator*]" = YES;
				"INFOPLIST_KEY_UILaunchScreen_Generation[sdk=iphoneos*]" = YES;
				"INFOPLIST_KEY_UILaunchScreen_Generation[sdk=iphonesimulator*]" = YES;
				"INFOPLIST_KEY_UIStatusBarStyle[sdk=iphoneos*]" = UIStatusBarStyleDefault;
				"INFOPLIST_KEY_UIStatusBarStyle[sdk=iphonesimulator*]" = UIStatusBarStyleDefault;
				INFOPLIST_KEY_UISupportedInterfaceOrientations_iPad = "UIInterfaceOrientationPortrait UIInterfaceOrientationPortraitUpsideDown UIInterfaceOrientationLandscapeLeft UIInterfaceOrientationLandscapeRight";
				INFOPLIST_KEY_UISupportedInterfaceOrientations_iPhone = "UIInterfaceOrientationPortrait UIInterfaceOrientationLandscapeLeft UIInterfaceOrientationLandscapeRight";
				IPHONEOS_DEPLOYMENT_TARGET = 17.2;
				LD_RUNPATH_SEARCH_PATHS = "@executable_path/Frameworks";
				"LD_RUNPATH_SEARCH_PATHS[sdk=macosx*]" = "@executable_path/../Frameworks";
				MACOSX_DEPLOYMENT_TARGET = 14.2;
				MARKETING_VERSION = 1.0;
				PRODUCT_BUNDLE_IDENTIFIER = grupo1.Challenge4;
				PRODUCT_NAME = "$(TARGET_NAME)";
				SDKROOT = auto;
				SUPPORTED_PLATFORMS = "iphoneos iphonesimulator";
				SUPPORTS_MACCATALYST = NO;
				SWIFT_EMIT_LOC_STRINGS = YES;
				SWIFT_VERSION = 5.0;
				TARGETED_DEVICE_FAMILY = 1;
			};
			name = Debug;
		};
		79C451B32D4A9D080025CA15 /* Release */ = {
			isa = XCBuildConfiguration;
			buildSettings = {
				ASSETCATALOG_COMPILER_APPICON_NAME = AppIcon;
				ASSETCATALOG_COMPILER_GLOBAL_ACCENT_COLOR_NAME = AccentColor;
				CODE_SIGN_ENTITLEMENTS = Challenge4/Challenge4.entitlements;
				CODE_SIGN_STYLE = Automatic;
				CURRENT_PROJECT_VERSION = 1;
				DEVELOPMENT_ASSET_PATHS = "\"Challenge4/Preview Content\"";
				ENABLE_PREVIEWS = YES;
				GENERATE_INFOPLIST_FILE = YES;
				INFOPLIST_KEY_NSPhotoLibraryAddUsageDescription = "";
				INFOPLIST_KEY_NSPhotoLibraryUsageDescription = "";
				"INFOPLIST_KEY_UIApplicationSceneManifest_Generation[sdk=iphoneos*]" = YES;
				"INFOPLIST_KEY_UIApplicationSceneManifest_Generation[sdk=iphonesimulator*]" = YES;
				"INFOPLIST_KEY_UIApplicationSupportsIndirectInputEvents[sdk=iphoneos*]" = YES;
				"INFOPLIST_KEY_UIApplicationSupportsIndirectInputEvents[sdk=iphonesimulator*]" = YES;
				"INFOPLIST_KEY_UILaunchScreen_Generation[sdk=iphoneos*]" = YES;
				"INFOPLIST_KEY_UILaunchScreen_Generation[sdk=iphonesimulator*]" = YES;
				"INFOPLIST_KEY_UIStatusBarStyle[sdk=iphoneos*]" = UIStatusBarStyleDefault;
				"INFOPLIST_KEY_UIStatusBarStyle[sdk=iphonesimulator*]" = UIStatusBarStyleDefault;
				INFOPLIST_KEY_UISupportedInterfaceOrientations_iPad = "UIInterfaceOrientationPortrait UIInterfaceOrientationPortraitUpsideDown UIInterfaceOrientationLandscapeLeft UIInterfaceOrientationLandscapeRight";
				INFOPLIST_KEY_UISupportedInterfaceOrientations_iPhone = "UIInterfaceOrientationPortrait UIInterfaceOrientationLandscapeLeft UIInterfaceOrientationLandscapeRight";
				IPHONEOS_DEPLOYMENT_TARGET = 17.2;
				LD_RUNPATH_SEARCH_PATHS = "@executable_path/Frameworks";
				"LD_RUNPATH_SEARCH_PATHS[sdk=macosx*]" = "@executable_path/../Frameworks";
				MACOSX_DEPLOYMENT_TARGET = 14.2;
				MARKETING_VERSION = 1.0;
				PRODUCT_BUNDLE_IDENTIFIER = grupo1.Challenge4;
				PRODUCT_NAME = "$(TARGET_NAME)";
				SDKROOT = auto;
				SUPPORTED_PLATFORMS = "iphoneos iphonesimulator";
				SUPPORTS_MACCATALYST = NO;
				SWIFT_EMIT_LOC_STRINGS = YES;
				SWIFT_VERSION = 5.0;
				TARGETED_DEVICE_FAMILY = 1;
			};
			name = Release;
		};
/* End XCBuildConfiguration section */

/* Begin XCConfigurationList section */
		79C4519D2D4A9D070025CA15 /* Build configuration list for PBXProject "Challenge4" */ = {
			isa = XCConfigurationList;
			buildConfigurations = (
				79C451AF2D4A9D080025CA15 /* Debug */,
				79C451B02D4A9D080025CA15 /* Release */,
			);
			defaultConfigurationIsVisible = 0;
			defaultConfigurationName = Release;
		};
		79C451B12D4A9D080025CA15 /* Build configuration list for PBXNativeTarget "Challenge4" */ = {
			isa = XCConfigurationList;
			buildConfigurations = (
				79C451B22D4A9D080025CA15 /* Debug */,
				79C451B32D4A9D080025CA15 /* Release */,
			);
			defaultConfigurationIsVisible = 0;
			defaultConfigurationName = Release;
		};
/* End XCConfigurationList section */

/* Begin XCVersionGroup section */
		79318C9F2D4C0C4700667196 /* CoreDataContainer.xcdatamodeld */ = {
			isa = XCVersionGroup;
			children = (
				79318CA02D4C0C4700667196 /* CoreDataContainer.xcdatamodel */,
			);
			currentVersion = 79318CA02D4C0C4700667196 /* CoreDataContainer.xcdatamodel */;
			path = CoreDataContainer.xcdatamodeld;
			sourceTree = "<group>";
			versionGroupType = wrapper.xcdatamodel;
		};
/* End XCVersionGroup section */
	};
	rootObject = 79C4519A2D4A9D070025CA15 /* Project object */;
}
